// !$*UTF8*$!
{
	archiveVersion = 1;
	classes = {
	};
	objectVersion = 48;
	objects = {

/* Begin PBXBuildFile section */
		532B88681FE3BDB6005DD77D /* DCNormalHeader.swift in Sources */ = {isa = PBXBuildFile; fileRef = 532B88671FE3BDB6005DD77D /* DCNormalHeader.swift */; };
		532B886A1FE3BE33005DD77D /* DCNormalFooter.swift in Sources */ = {isa = PBXBuildFile; fileRef = 532B88691FE3BE33005DD77D /* DCNormalFooter.swift */; };
		532B886C1FE3C6CB005DD77D /* DCAnimateHeader.swift in Sources */ = {isa = PBXBuildFile; fileRef = 532B886B1FE3C6CB005DD77D /* DCAnimateHeader.swift */; };
		532B886E1FE3EBF8005DD77D /* DCAnimateFooter.swift in Sources */ = {isa = PBXBuildFile; fileRef = 532B886D1FE3EBF8005DD77D /* DCAnimateFooter.swift */; };
		532FF84F1FE50A0700491661 /* image.xcassets in Resources */ = {isa = PBXBuildFile; fileRef = 532FF84E1FE50A0700491661 /* image.xcassets */; };
		534599F61FE28CB60002453F /* DCRefresherStaticValue.swift in Sources */ = {isa = PBXBuildFile; fileRef = 534599F51FE28CB60002453F /* DCRefresherStaticValue.swift */; };
		534599F81FE2B3500002453F /* DCRefresherComponent.swift in Sources */ = {isa = PBXBuildFile; fileRef = 534599F71FE2B3500002453F /* DCRefresherComponent.swift */; };
		534599FB1FE2D1870002453F /* DCRefresherHeader.swift in Sources */ = {isa = PBXBuildFile; fileRef = 534599FA1FE2D1870002453F /* DCRefresherHeader.swift */; };
		534599FD1FE2D1BB0002453F /* DCRefresherFooter.swift in Sources */ = {isa = PBXBuildFile; fileRef = 534599FC1FE2D1BB0002453F /* DCRefresherFooter.swift */; };
		534599FF1FE2F7840002453F /* DCKVOMenager.swift in Sources */ = {isa = PBXBuildFile; fileRef = 534599FE1FE2F7840002453F /* DCKVOMenager.swift */; };
		53CAFC891FE183100029F4A8 /* DCRefresher.framework in Frameworks */ = {isa = PBXBuildFile; fileRef = 53CAFC7F1FE183100029F4A8 /* DCRefresher.framework */; };
		53CAFC8E1FE183100029F4A8 /* DCRefresherTests.swift in Sources */ = {isa = PBXBuildFile; fileRef = 53CAFC8D1FE183100029F4A8 /* DCRefresherTests.swift */; };
		53CAFC901FE183100029F4A8 /* DCRefresher.h in Headers */ = {isa = PBXBuildFile; fileRef = 53CAFC821FE183100029F4A8 /* DCRefresher.h */; settings = {ATTRIBUTES = (Public, ); }; };
		53CAFC9A1FE1898B0029F4A8 /* UIScrollView+DCReflesher.swift in Sources */ = {isa = PBXBuildFile; fileRef = 53CAFC991FE1898B0029F4A8 /* UIScrollView+DCReflesher.swift */; };
		53CAFC9E1FE18F140029F4A8 /* DCRefresher.swift in Sources */ = {isa = PBXBuildFile; fileRef = 53CAFC9D1FE18F140029F4A8 /* DCRefresher.swift */; };
/* End PBXBuildFile section */

/* Begin PBXContainerItemProxy section */
		53CAFC8A1FE183100029F4A8 /* PBXContainerItemProxy */ = {
			isa = PBXContainerItemProxy;
			containerPortal = 53CAFC761FE183100029F4A8 /* Project object */;
			proxyType = 1;
			remoteGlobalIDString = 53CAFC7E1FE183100029F4A8;
			remoteInfo = DCRefresher;
		};
/* End PBXContainerItemProxy section */

/* Begin PBXFileReference section */
		532B88671FE3BDB6005DD77D /* DCNormalHeader.swift */ = {isa = PBXFileReference; lastKnownFileType = sourcecode.swift; path = DCNormalHeader.swift; sourceTree = "<group>"; };
		532B88691FE3BE33005DD77D /* DCNormalFooter.swift */ = {isa = PBXFileReference; lastKnownFileType = sourcecode.swift; path = DCNormalFooter.swift; sourceTree = "<group>"; };
		532B886B1FE3C6CB005DD77D /* DCAnimateHeader.swift */ = {isa = PBXFileReference; lastKnownFileType = sourcecode.swift; path = DCAnimateHeader.swift; sourceTree = "<group>"; };
		532B886D1FE3EBF8005DD77D /* DCAnimateFooter.swift */ = {isa = PBXFileReference; lastKnownFileType = sourcecode.swift; path = DCAnimateFooter.swift; sourceTree = "<group>"; };
		532FF84E1FE50A0700491661 /* image.xcassets */ = {isa = PBXFileReference; lastKnownFileType = folder.assetcatalog; path = image.xcassets; sourceTree = "<group>"; };
		534599F51FE28CB60002453F /* DCRefresherStaticValue.swift */ = {isa = PBXFileReference; lastKnownFileType = sourcecode.swift; path = DCRefresherStaticValue.swift; sourceTree = "<group>"; };
		534599F71FE2B3500002453F /* DCRefresherComponent.swift */ = {isa = PBXFileReference; lastKnownFileType = sourcecode.swift; path = DCRefresherComponent.swift; sourceTree = "<group>"; };
		534599FA1FE2D1870002453F /* DCRefresherHeader.swift */ = {isa = PBXFileReference; lastKnownFileType = sourcecode.swift; path = DCRefresherHeader.swift; sourceTree = "<group>"; };
		534599FC1FE2D1BB0002453F /* DCRefresherFooter.swift */ = {isa = PBXFileReference; lastKnownFileType = sourcecode.swift; path = DCRefresherFooter.swift; sourceTree = "<group>"; };
		534599FE1FE2F7840002453F /* DCKVOMenager.swift */ = {isa = PBXFileReference; lastKnownFileType = sourcecode.swift; path = DCKVOMenager.swift; sourceTree = "<group>"; };
		53CAFC7F1FE183100029F4A8 /* DCRefresher.framework */ = {isa = PBXFileReference; explicitFileType = wrapper.framework; includeInIndex = 0; path = DCRefresher.framework; sourceTree = BUILT_PRODUCTS_DIR; };
		53CAFC821FE183100029F4A8 /* DCRefresher.h */ = {isa = PBXFileReference; lastKnownFileType = sourcecode.c.h; path = DCRefresher.h; sourceTree = "<group>"; };
		53CAFC831FE183100029F4A8 /* Info.plist */ = {isa = PBXFileReference; lastKnownFileType = text.plist.xml; path = Info.plist; sourceTree = "<group>"; };
		53CAFC881FE183100029F4A8 /* DCRefresherTests.xctest */ = {isa = PBXFileReference; explicitFileType = wrapper.cfbundle; includeInIndex = 0; path = DCRefresherTests.xctest; sourceTree = BUILT_PRODUCTS_DIR; };
		53CAFC8D1FE183100029F4A8 /* DCRefresherTests.swift */ = {isa = PBXFileReference; lastKnownFileType = sourcecode.swift; path = DCRefresherTests.swift; sourceTree = "<group>"; };
		53CAFC8F1FE183100029F4A8 /* Info.plist */ = {isa = PBXFileReference; lastKnownFileType = text.plist.xml; path = Info.plist; sourceTree = "<group>"; };
		53CAFC991FE1898B0029F4A8 /* UIScrollView+DCReflesher.swift */ = {isa = PBXFileReference; lastKnownFileType = sourcecode.swift; path = "UIScrollView+DCReflesher.swift"; sourceTree = "<group>"; };
		53CAFC9D1FE18F140029F4A8 /* DCRefresher.swift */ = {isa = PBXFileReference; fileEncoding = 4; lastKnownFileType = sourcecode.swift; path = DCRefresher.swift; sourceTree = "<group>"; };
/* End PBXFileReference section */

/* Begin PBXFrameworksBuildPhase section */
		53CAFC7B1FE183100029F4A8 /* Frameworks */ = {
			isa = PBXFrameworksBuildPhase;
			buildActionMask = 2147483647;
			files = (
			);
			runOnlyForDeploymentPostprocessing = 0;
		};
		53CAFC851FE183100029F4A8 /* Frameworks */ = {
			isa = PBXFrameworksBuildPhase;
			buildActionMask = 2147483647;
			files = (
				53CAFC891FE183100029F4A8 /* DCRefresher.framework in Frameworks */,
			);
			runOnlyForDeploymentPostprocessing = 0;
		};
/* End PBXFrameworksBuildPhase section */

/* Begin PBXGroup section */
		534599F91FE2D11E0002453F /* Base */ = {
			isa = PBXGroup;
			children = (
				534599FA1FE2D1870002453F /* DCRefresherHeader.swift */,
				534599FC1FE2D1BB0002453F /* DCRefresherFooter.swift */,
				534599FE1FE2F7840002453F /* DCKVOMenager.swift */,
				532B88671FE3BDB6005DD77D /* DCNormalHeader.swift */,
				532B88691FE3BE33005DD77D /* DCNormalFooter.swift */,
				532B886B1FE3C6CB005DD77D /* DCAnimateHeader.swift */,
				532B886D1FE3EBF8005DD77D /* DCAnimateFooter.swift */,
			);
			path = Base;
			sourceTree = "<group>";
		};
		53CAFC751FE183100029F4A8 = {
			isa = PBXGroup;
			children = (
				53CAFC811FE183100029F4A8 /* DCRefresher */,
				53CAFC8C1FE183100029F4A8 /* DCRefresherTests */,
				53CAFC801FE183100029F4A8 /* Products */,
			);
			sourceTree = "<group>";
		};
		53CAFC801FE183100029F4A8 /* Products */ = {
			isa = PBXGroup;
			children = (
				53CAFC7F1FE183100029F4A8 /* DCRefresher.framework */,
				53CAFC881FE183100029F4A8 /* DCRefresherTests.xctest */,
			);
			name = Products;
			sourceTree = "<group>";
		};
		53CAFC811FE183100029F4A8 /* DCRefresher */ = {
			isa = PBXGroup;
			children = (
				534599F91FE2D11E0002453F /* Base */,
				53CAFC821FE183100029F4A8 /* DCRefresher.h */,
				53CAFC831FE183100029F4A8 /* Info.plist */,
				53CAFC991FE1898B0029F4A8 /* UIScrollView+DCReflesher.swift */,
				53CAFC9D1FE18F140029F4A8 /* DCRefresher.swift */,
				534599F51FE28CB60002453F /* DCRefresherStaticValue.swift */,
				534599F71FE2B3500002453F /* DCRefresherComponent.swift */,
				532FF84E1FE50A0700491661 /* image.xcassets */,
			);
			path = DCRefresher;
			sourceTree = "<group>";
		};
		53CAFC8C1FE183100029F4A8 /* DCRefresherTests */ = {
			isa = PBXGroup;
			children = (
				53CAFC8D1FE183100029F4A8 /* DCRefresherTests.swift */,
				53CAFC8F1FE183100029F4A8 /* Info.plist */,
			);
			path = DCRefresherTests;
			sourceTree = "<group>";
		};
/* End PBXGroup section */

/* Begin PBXHeadersBuildPhase section */
		53CAFC7C1FE183100029F4A8 /* Headers */ = {
			isa = PBXHeadersBuildPhase;
			buildActionMask = 2147483647;
			files = (
				53CAFC901FE183100029F4A8 /* DCRefresher.h in Headers */,
			);
			runOnlyForDeploymentPostprocessing = 0;
		};
/* End PBXHeadersBuildPhase section */

/* Begin PBXNativeTarget section */
		53CAFC7E1FE183100029F4A8 /* DCRefresher */ = {
			isa = PBXNativeTarget;
			buildConfigurationList = 53CAFC931FE183100029F4A8 /* Build configuration list for PBXNativeTarget "DCRefresher" */;
			buildPhases = (
				53CAFC7A1FE183100029F4A8 /* Sources */,
				53CAFC7B1FE183100029F4A8 /* Frameworks */,
				53CAFC7C1FE183100029F4A8 /* Headers */,
				53CAFC7D1FE183100029F4A8 /* Resources */,
			);
			buildRules = (
			);
			dependencies = (
			);
			name = DCRefresher;
			productName = DCRefresher;
			productReference = 53CAFC7F1FE183100029F4A8 /* DCRefresher.framework */;
			productType = "com.apple.product-type.framework";
		};
		53CAFC871FE183100029F4A8 /* DCRefresherTests */ = {
			isa = PBXNativeTarget;
			buildConfigurationList = 53CAFC961FE183100029F4A8 /* Build configuration list for PBXNativeTarget "DCRefresherTests" */;
			buildPhases = (
				53CAFC841FE183100029F4A8 /* Sources */,
				53CAFC851FE183100029F4A8 /* Frameworks */,
				53CAFC861FE183100029F4A8 /* Resources */,
			);
			buildRules = (
			);
			dependencies = (
				53CAFC8B1FE183100029F4A8 /* PBXTargetDependency */,
			);
			name = DCRefresherTests;
			productName = DCRefresherTests;
			productReference = 53CAFC881FE183100029F4A8 /* DCRefresherTests.xctest */;
			productType = "com.apple.product-type.bundle.unit-test";
		};
/* End PBXNativeTarget section */

/* Begin PBXProject section */
		53CAFC761FE183100029F4A8 /* Project object */ = {
			isa = PBXProject;
			attributes = {
				LastSwiftUpdateCheck = 0920;
				LastUpgradeCheck = 0920;
				ORGANIZATIONNAME = dacheng;
				TargetAttributes = {
					53CAFC7E1FE183100029F4A8 = {
						CreatedOnToolsVersion = 9.2;
						LastSwiftMigration = 0920;
						ProvisioningStyle = Automatic;
					};
					53CAFC871FE183100029F4A8 = {
						CreatedOnToolsVersion = 9.2;
						ProvisioningStyle = Automatic;
					};
				};
			};
			buildConfigurationList = 53CAFC791FE183100029F4A8 /* Build configuration list for PBXProject "DCRefresher" */;
			compatibilityVersion = "Xcode 8.0";
			developmentRegion = en;
			hasScannedForEncodings = 0;
			knownRegions = (
				en,
			);
			mainGroup = 53CAFC751FE183100029F4A8;
			productRefGroup = 53CAFC801FE183100029F4A8 /* Products */;
			projectDirPath = "";
			projectRoot = "";
			targets = (
				53CAFC7E1FE183100029F4A8 /* DCRefresher */,
				53CAFC871FE183100029F4A8 /* DCRefresherTests */,
			);
		};
/* End PBXProject section */

/* Begin PBXResourcesBuildPhase section */
		53CAFC7D1FE183100029F4A8 /* Resources */ = {
			isa = PBXResourcesBuildPhase;
			buildActionMask = 2147483647;
			files = (
				532FF84F1FE50A0700491661 /* image.xcassets in Resources */,
			);
			runOnlyForDeploymentPostprocessing = 0;
		};
		53CAFC861FE183100029F4A8 /* Resources */ = {
			isa = PBXResourcesBuildPhase;
			buildActionMask = 2147483647;
			files = (
			);
			runOnlyForDeploymentPostprocessing = 0;
		};
/* End PBXResourcesBuildPhase section */

/* Begin PBXSourcesBuildPhase section */
		53CAFC7A1FE183100029F4A8 /* Sources */ = {
			isa = PBXSourcesBuildPhase;
			buildActionMask = 2147483647;
			files = (
				532B88681FE3BDB6005DD77D /* DCNormalHeader.swift in Sources */,
				53CAFC9A1FE1898B0029F4A8 /* UIScrollView+DCReflesher.swift in Sources */,
				534599FF1FE2F7840002453F /* DCKVOMenager.swift in Sources */,
				534599F81FE2B3500002453F /* DCRefresherComponent.swift in Sources */,
				53CAFC9E1FE18F140029F4A8 /* DCRefresher.swift in Sources */,
				532B886C1FE3C6CB005DD77D /* DCAnimateHeader.swift in Sources */,
				532B886A1FE3BE33005DD77D /* DCNormalFooter.swift in Sources */,
				534599F61FE28CB60002453F /* DCRefresherStaticValue.swift in Sources */,
				534599FD1FE2D1BB0002453F /* DCRefresherFooter.swift in Sources */,
				534599FB1FE2D1870002453F /* DCRefresherHeader.swift in Sources */,
				532B886E1FE3EBF8005DD77D /* DCAnimateFooter.swift in Sources */,
			);
			runOnlyForDeploymentPostprocessing = 0;
		};
		53CAFC841FE183100029F4A8 /* Sources */ = {
			isa = PBXSourcesBuildPhase;
			buildActionMask = 2147483647;
			files = (
				53CAFC8E1FE183100029F4A8 /* DCRefresherTests.swift in Sources */,
			);
			runOnlyForDeploymentPostprocessing = 0;
		};
/* End PBXSourcesBuildPhase section */

/* Begin PBXTargetDependency section */
		53CAFC8B1FE183100029F4A8 /* PBXTargetDependency */ = {
			isa = PBXTargetDependency;
			target = 53CAFC7E1FE183100029F4A8 /* DCRefresher */;
			targetProxy = 53CAFC8A1FE183100029F4A8 /* PBXContainerItemProxy */;
		};
/* End PBXTargetDependency section */

/* Begin XCBuildConfiguration section */
		53CAFC911FE183100029F4A8 /* Debug */ = {
			isa = XCBuildConfiguration;
			buildSettings = {
				ALWAYS_SEARCH_USER_PATHS = NO;
				CLANG_ANALYZER_NONNULL = YES;
				CLANG_ANALYZER_NUMBER_OBJECT_CONVERSION = YES_AGGRESSIVE;
				CLANG_CXX_LANGUAGE_STANDARD = "gnu++14";
				CLANG_CXX_LIBRARY = "libc++";
				CLANG_ENABLE_MODULES = YES;
				CLANG_ENABLE_OBJC_ARC = YES;
				CLANG_WARN_BLOCK_CAPTURE_AUTORELEASING = YES;
				CLANG_WARN_BOOL_CONVERSION = YES;
				CLANG_WARN_COMMA = YES;
				CLANG_WARN_CONSTANT_CONVERSION = YES;
				CLANG_WARN_DIRECT_OBJC_ISA_USAGE = YES_ERROR;
				CLANG_WARN_DOCUMENTATION_COMMENTS = YES;
				CLANG_WARN_EMPTY_BODY = YES;
				CLANG_WARN_ENUM_CONVERSION = YES;
				CLANG_WARN_INFINITE_RECURSION = YES;
				CLANG_WARN_INT_CONVERSION = YES;
				CLANG_WARN_NON_LITERAL_NULL_CONVERSION = YES;
				CLANG_WARN_OBJC_LITERAL_CONVERSION = YES;
				CLANG_WARN_OBJC_ROOT_CLASS = YES_ERROR;
				CLANG_WARN_RANGE_LOOP_ANALYSIS = YES;
				CLANG_WARN_STRICT_PROTOTYPES = YES;
				CLANG_WARN_SUSPICIOUS_MOVE = YES;
				CLANG_WARN_UNGUARDED_AVAILABILITY = YES_AGGRESSIVE;
				CLANG_WARN_UNREACHABLE_CODE = YES;
				CLANG_WARN__DUPLICATE_METHOD_MATCH = YES;
				CODE_SIGN_IDENTITY = "iPhone Developer";
				COPY_PHASE_STRIP = NO;
				CURRENT_PROJECT_VERSION = 1;
				DEBUG_INFORMATION_FORMAT = dwarf;
				ENABLE_STRICT_OBJC_MSGSEND = YES;
				ENABLE_TESTABILITY = YES;
				GCC_C_LANGUAGE_STANDARD = gnu11;
				GCC_DYNAMIC_NO_PIC = NO;
				GCC_NO_COMMON_BLOCKS = YES;
				GCC_OPTIMIZATION_LEVEL = 0;
				GCC_PREPROCESSOR_DEFINITIONS = (
					"DEBUG=1",
					"$(inherited)",
				);
				GCC_WARN_64_TO_32_BIT_CONVERSION = YES;
				GCC_WARN_ABOUT_RETURN_TYPE = YES_ERROR;
				GCC_WARN_UNDECLARED_SELECTOR = YES;
				GCC_WARN_UNINITIALIZED_AUTOS = YES_AGGRESSIVE;
				GCC_WARN_UNUSED_FUNCTION = YES;
				GCC_WARN_UNUSED_VARIABLE = YES;
				IPHONEOS_DEPLOYMENT_TARGET = 11.2;
				MTL_ENABLE_DEBUG_INFO = YES;
				ONLY_ACTIVE_ARCH = YES;
				SDKROOT = iphoneos;
				SWIFT_ACTIVE_COMPILATION_CONDITIONS = DEBUG;
				SWIFT_OPTIMIZATION_LEVEL = "-Onone";
				VERSIONING_SYSTEM = "apple-generic";
				VERSION_INFO_PREFIX = "";
			};
			name = Debug;
		};
		53CAFC921FE183100029F4A8 /* Release */ = {
			isa = XCBuildConfiguration;
			buildSettings = {
				ALWAYS_SEARCH_USER_PATHS = NO;
				CLANG_ANALYZER_NONNULL = YES;
				CLANG_ANALYZER_NUMBER_OBJECT_CONVERSION = YES_AGGRESSIVE;
				CLANG_CXX_LANGUAGE_STANDARD = "gnu++14";
				CLANG_CXX_LIBRARY = "libc++";
				CLANG_ENABLE_MODULES = YES;
				CLANG_ENABLE_OBJC_ARC = YES;
				CLANG_WARN_BLOCK_CAPTURE_AUTORELEASING = YES;
				CLANG_WARN_BOOL_CONVERSION = YES;
				CLANG_WARN_COMMA = YES;
				CLANG_WARN_CONSTANT_CONVERSION = YES;
				CLANG_WARN_DIRECT_OBJC_ISA_USAGE = YES_ERROR;
				CLANG_WARN_DOCUMENTATION_COMMENTS = YES;
				CLANG_WARN_EMPTY_BODY = YES;
				CLANG_WARN_ENUM_CONVERSION = YES;
				CLANG_WARN_INFINITE_RECURSION = YES;
				CLANG_WARN_INT_CONVERSION = YES;
				CLANG_WARN_NON_LITERAL_NULL_CONVERSION = YES;
				CLANG_WARN_OBJC_LITERAL_CONVERSION = YES;
				CLANG_WARN_OBJC_ROOT_CLASS = YES_ERROR;
				CLANG_WARN_RANGE_LOOP_ANALYSIS = YES;
				CLANG_WARN_STRICT_PROTOTYPES = YES;
				CLANG_WARN_SUSPICIOUS_MOVE = YES;
				CLANG_WARN_UNGUARDED_AVAILABILITY = YES_AGGRESSIVE;
				CLANG_WARN_UNREACHABLE_CODE = YES;
				CLANG_WARN__DUPLICATE_METHOD_MATCH = YES;
				CODE_SIGN_IDENTITY = "iPhone Developer";
				COPY_PHASE_STRIP = NO;
				CURRENT_PROJECT_VERSION = 1;
				DEBUG_INFORMATION_FORMAT = "dwarf-with-dsym";
				ENABLE_NS_ASSERTIONS = NO;
				ENABLE_STRICT_OBJC_MSGSEND = YES;
				GCC_C_LANGUAGE_STANDARD = gnu11;
				GCC_NO_COMMON_BLOCKS = YES;
				GCC_WARN_64_TO_32_BIT_CONVERSION = YES;
				GCC_WARN_ABOUT_RETURN_TYPE = YES_ERROR;
				GCC_WARN_UNDECLARED_SELECTOR = YES;
				GCC_WARN_UNINITIALIZED_AUTOS = YES_AGGRESSIVE;
				GCC_WARN_UNUSED_FUNCTION = YES;
				GCC_WARN_UNUSED_VARIABLE = YES;
				IPHONEOS_DEPLOYMENT_TARGET = 11.2;
				MTL_ENABLE_DEBUG_INFO = NO;
				SDKROOT = iphoneos;
				SWIFT_OPTIMIZATION_LEVEL = "-Owholemodule";
				VALIDATE_PRODUCT = YES;
				VERSIONING_SYSTEM = "apple-generic";
				VERSION_INFO_PREFIX = "";
			};
			name = Release;
		};
		53CAFC941FE183100029F4A8 /* Debug */ = {
			isa = XCBuildConfiguration;
			buildSettings = {
				CLANG_ENABLE_MODULES = YES;
				CODE_SIGN_IDENTITY = "";
				CODE_SIGN_STYLE = Automatic;
				DEFINES_MODULE = YES;
				DEVELOPMENT_TEAM = 9KC9X59VQM;
				DYLIB_COMPATIBILITY_VERSION = 1;
				DYLIB_CURRENT_VERSION = 1;
				DYLIB_INSTALL_NAME_BASE = "@rpath";
				INFOPLIST_FILE = DCRefresher/Info.plist;
				INSTALL_PATH = "$(LOCAL_LIBRARY_DIR)/Frameworks";
				LD_RUNPATH_SEARCH_PATHS = "$(inherited) @executable_path/Frameworks @loader_path/Frameworks";
				PRODUCT_BUNDLE_IDENTIFIER = fightsport.com.DCRefresher;
				PRODUCT_NAME = "$(TARGET_NAME:c99extidentifier)";
				SKIP_INSTALL = YES;
				SWIFT_OPTIMIZATION_LEVEL = "-Onone";
				SWIFT_VERSION = 4.0;
				TARGETED_DEVICE_FAMILY = "1,2";
			};
			name = Debug;
		};
		53CAFC951FE183100029F4A8 /* Release */ = {
			isa = XCBuildConfiguration;
			buildSettings = {
				CLANG_ENABLE_MODULES = YES;
				CODE_SIGN_IDENTITY = "";
				CODE_SIGN_STYLE = Automatic;
				DEFINES_MODULE = YES;
				DEVELOPMENT_TEAM = 9KC9X59VQM;
				DYLIB_COMPATIBILITY_VERSION = 1;
				DYLIB_CURRENT_VERSION = 1;
				DYLIB_INSTALL_NAME_BASE = "@rpath";
				INFOPLIST_FILE = DCRefresher/Info.plist;
				INSTALL_PATH = "$(LOCAL_LIBRARY_DIR)/Frameworks";
				LD_RUNPATH_SEARCH_PATHS = "$(inherited) @executable_path/Frameworks @loader_path/Frameworks";
				PRODUCT_BUNDLE_IDENTIFIER = fightsport.com.DCRefresher;
				PRODUCT_NAME = "$(TARGET_NAME:c99extidentifier)";
				SKIP_INSTALL = YES;
				SWIFT_VERSION = 4.0;
				TARGETED_DEVICE_FAMILY = "1,2";
			};
			name = Release;
		};
		53CAFC971FE183100029F4A8 /* Debug */ = {
			isa = XCBuildConfiguration;
			buildSettings = {
				ALWAYS_EMBED_SWIFT_STANDARD_LIBRARIES = YES;
				CODE_SIGN_STYLE = Automatic;
				DEVELOPMENT_TEAM = 9KC9X59VQM;
				INFOPLIST_FILE = DCRefresherTests/Info.plist;
				LD_RUNPATH_SEARCH_PATHS = "$(inherited) @executable_path/Frameworks @loader_path/Frameworks";
				PRODUCT_BUNDLE_IDENTIFIER = fightsport.com.DCRefresherTests;
				PRODUCT_NAME = "$(TARGET_NAME)";
				SWIFT_VERSION = 4.0;
				TARGETED_DEVICE_FAMILY = "1,2";
			};
			name = Debug;
		};
		53CAFC981FE183100029F4A8 /* Release */ = {
			isa = XCBuildConfiguration;
			buildSettings = {
				ALWAYS_EMBED_SWIFT_STANDARD_LIBRARIES = YES;
				CODE_SIGN_STYLE = Automatic;
				DEVELOPMENT_TEAM = 9KC9X59VQM;
				INFOPLIST_FILE = DCRefresherTests/Info.plist;
				LD_RUNPATH_SEARCH_PATHS = "$(inherited) @executable_path/Frameworks @loader_path/Frameworks";
				PRODUCT_BUNDLE_IDENTIFIER = fightsport.com.DCRefresherTests;
				PRODUCT_NAME = "$(TARGET_NAME)";
				SWIFT_VERSION = 4.0;
				TARGETED_DEVICE_FAMILY = "1,2";
			};
			name = Release;
		};
/* End XCBuildConfiguration section */

/* Begin XCConfigurationList section */
		53CAFC791FE183100029F4A8 /* Build configuration list for PBXProject "DCRefresher" */ = {
			isa = XCConfigurationList;
			buildConfigurations = (
				53CAFC911FE183100029F4A8 /* Debug */,
				53CAFC921FE183100029F4A8 /* Release */,
			);
			defaultConfigurationIsVisible = 0;
			defaultConfigurationName = Release;
		};
		53CAFC931FE183100029F4A8 /* Build configuration list for PBXNativeTarget "DCRefresher" */ = {
			isa = XCConfigurationList;
			buildConfigurations = (
				53CAFC941FE183100029F4A8 /* Debug */,
				53CAFC951FE183100029F4A8 /* Release */,
			);
			defaultConfigurationIsVisible = 0;
			defaultConfigurationName = Release;
		};
		53CAFC961FE183100029F4A8 /* Build configuration list for PBXNativeTarget "DCRefresherTests" */ = {
			isa = XCConfigurationList;
			buildConfigurations = (
				53CAFC971FE183100029F4A8 /* Debug */,
				53CAFC981FE183100029F4A8 /* Release */,
			);
			defaultConfigurationIsVisible = 0;
			defaultConfigurationName = Release;
		};
/* End XCConfigurationList section */
	};
	rootObject = 53CAFC761FE183100029F4A8 /* Project object */;
}
